
Microsoft Visual Studio Solution File, Format Version 12.00
# Visual Studio Version 17
VisualStudioVersion = 17.5.2.0
MinimumVisualStudioVersion = 10.0.40219.1
Project("{FAE04EC0-301F-11D3-BF4B-00C04F79EFBC}") = "Selecta", "Other\Selecta\Selecta.csproj", "{66A0E980-1368-497B-B1E9-EF15ADE5787A}"
EndProject
Project("{FAE04EC0-301F-11D3-BF4B-00C04F79EFBC}") = "Results", "Other\Results\Results.csproj", "{258362BF-09B6-4F6B-92D7-94F5E5946EDA}"
EndProject
Project("{2150E333-8FDC-42A3-9474-1A3956D46DE8}") = "Lql", "Lql", "{54B846BA-A27D-B76F-8730-402A5742FF43}"
EndProject
Project("{FAE04EC0-301F-11D3-BF4B-00C04F79EFBC}") = "Lql", "Lql\Lql\Lql.csproj", "{6A15D05D-A3F0-41C7-BCDC-A1A5390CD181}"
EndProject
Project("{FAE04EC0-301F-11D3-BF4B-00C04F79EFBC}") = "Lql.SQLite", "Lql\Lql.SQLite\Lql.SQLite.csproj", "{903D712A-27E0-4615-AB93-16083E5B3E3A}"
EndProject
Project("{FAE04EC0-301F-11D3-BF4B-00C04F79EFBC}") = "Lql.SqlServer", "Lql\Lql.SqlServer\Lql.SqlServer.csproj", "{AD717205-C676-4DF9-8095-4583BA342515}"
EndProject
Project("{FAE04EC0-301F-11D3-BF4B-00C04F79EFBC}") = "Lql.Tests", "Lql\Lql.Tests\Lql.Tests.csproj", "{707C273D-CCC9-4CF3-B234-F54B2AB3D178}"
EndProject
Project("{FAE04EC0-301F-11D3-BF4B-00C04F79EFBC}") = "LqlCli", "Lql\LqlCli.SQLite\LqlCli.csproj", "{980E4F1D-520B-441C-B6E4-9249E49BD247}"
EndProject
Project("{FAE04EC0-301F-11D3-BF4B-00C04F79EFBC}") = "LqlCli.SQLite.Tests", "Lql\LqlCli.SQLite.Tests\LqlCli.SQLite.Tests.csproj", "{DC406D52-3A4B-4632-AD67-462875C067D3}"
EndProject
Project("{FAE04EC0-301F-11D3-BF4B-00C04F79EFBC}") = "Lql.Postgres", "Lql\Lql.Postgres\Lql.Postgres.csproj", "{9DF737C9-6EE5-4255-85C9-65337350DFDD}"
EndProject
Project("{2150E333-8FDC-42A3-9474-1A3956D46DE8}") = "DataProvider", "DataProvider", "{43BAF0A3-C050-BE83-B489-7FC6F9FDE235}"
EndProject
Project("{FAE04EC0-301F-11D3-BF4B-00C04F79EFBC}") = "DataProvider", "DataProvider\DataProvider\DataProvider.csproj", "{7D4F4EC0-C221-4BC9-8F8C-77BD4A3D39AA}"
EndProject
Project("{FAE04EC0-301F-11D3-BF4B-00C04F79EFBC}") = "DataProvider.Tests", "DataProvider\DataProvider.Tests\DataProvider.Tests.csproj", "{C1F8DBEE-EBA0-4C58-B7C1-F4BCC8E6674D}"
EndProject
Project("{FAE04EC0-301F-11D3-BF4B-00C04F79EFBC}") = "DataProvider.SQLite.Cli", "DataProvider\DataProvider.SQLite.Cli\DataProvider.SQLite.Cli.csproj", "{2B1441F1-4429-487C-9D0A-FC65B64BF43E}"
EndProject
Project("{FAE04EC0-301F-11D3-BF4B-00C04F79EFBC}") = "DataProvider.SQLite", "DataProvider\DataProvider.SQLite\DataProvider.SQLite.csproj", "{A7EC2050-FE5E-4BBD-AF5F-7F07D3688118}"
EndProject
Project("{FAE04EC0-301F-11D3-BF4B-00C04F79EFBC}") = "DataProvider.Example.Tests", "DataProvider\DataProvider.Example.Tests\DataProvider.Example.Tests.csproj", "{16FA9B36-CB2A-4B79-A3BE-937C94BF03F8}"
EndProject
Project("{FAE04EC0-301F-11D3-BF4B-00C04F79EFBC}") = "DataProvider.Example", "DataProvider\DataProvider.Example\DataProvider.Example.csproj", "{EA9A0385-249F-4141-AD03-D67649110A84}"
EndProject
Project("{FAE04EC0-301F-11D3-BF4B-00C04F79EFBC}") = "Lql.Browser", "Lql\Lql.Browser\Lql.Browser.csproj", "{1B5BAB33-4256-400B-A4F8-F318418A3548}"
EndProject
Global
	GlobalSection(SolutionConfigurationPlatforms) = preSolution
		Debug|Any CPU = Debug|Any CPU
		Release|Any CPU = Release|Any CPU
	EndGlobalSection
	GlobalSection(ProjectConfigurationPlatforms) = postSolution
		{66A0E980-1368-497B-B1E9-EF15ADE5787A}.Debug|Any CPU.ActiveCfg = Debug|Any CPU
		{66A0E980-1368-497B-B1E9-EF15ADE5787A}.Debug|Any CPU.Build.0 = Debug|Any CPU
		{66A0E980-1368-497B-B1E9-EF15ADE5787A}.Release|Any CPU.ActiveCfg = Release|Any CPU
		{66A0E980-1368-497B-B1E9-EF15ADE5787A}.Release|Any CPU.Build.0 = Release|Any CPU
		{258362BF-09B6-4F6B-92D7-94F5E5946EDA}.Debug|Any CPU.ActiveCfg = Debug|Any CPU
		{258362BF-09B6-4F6B-92D7-94F5E5946EDA}.Debug|Any CPU.Build.0 = Debug|Any CPU
		{258362BF-09B6-4F6B-92D7-94F5E5946EDA}.Release|Any CPU.ActiveCfg = Release|Any CPU
		{258362BF-09B6-4F6B-92D7-94F5E5946EDA}.Release|Any CPU.Build.0 = Release|Any CPU
		{6A15D05D-A3F0-41C7-BCDC-A1A5390CD181}.Debug|Any CPU.ActiveCfg = Debug|Any CPU
		{6A15D05D-A3F0-41C7-BCDC-A1A5390CD181}.Debug|Any CPU.Build.0 = Debug|Any CPU
		{6A15D05D-A3F0-41C7-BCDC-A1A5390CD181}.Release|Any CPU.ActiveCfg = Release|Any CPU
		{6A15D05D-A3F0-41C7-BCDC-A1A5390CD181}.Release|Any CPU.Build.0 = Release|Any CPU
		{903D712A-27E0-4615-AB93-16083E5B3E3A}.Debug|Any CPU.ActiveCfg = Debug|Any CPU
		{903D712A-27E0-4615-AB93-16083E5B3E3A}.Debug|Any CPU.Build.0 = Debug|Any CPU
		{903D712A-27E0-4615-AB93-16083E5B3E3A}.Release|Any CPU.ActiveCfg = Release|Any CPU
		{903D712A-27E0-4615-AB93-16083E5B3E3A}.Release|Any CPU.Build.0 = Release|Any CPU
		{AD717205-C676-4DF9-8095-4583BA342515}.Debug|Any CPU.ActiveCfg = Debug|Any CPU
		{AD717205-C676-4DF9-8095-4583BA342515}.Debug|Any CPU.Build.0 = Debug|Any CPU
		{AD717205-C676-4DF9-8095-4583BA342515}.Release|Any CPU.ActiveCfg = Release|Any CPU
		{AD717205-C676-4DF9-8095-4583BA342515}.Release|Any CPU.Build.0 = Release|Any CPU
		{707C273D-CCC9-4CF3-B234-F54B2AB3D178}.Debug|Any CPU.ActiveCfg = Debug|Any CPU
		{707C273D-CCC9-4CF3-B234-F54B2AB3D178}.Debug|Any CPU.Build.0 = Debug|Any CPU
		{707C273D-CCC9-4CF3-B234-F54B2AB3D178}.Release|Any CPU.ActiveCfg = Release|Any CPU
		{707C273D-CCC9-4CF3-B234-F54B2AB3D178}.Release|Any CPU.Build.0 = Release|Any CPU
		{980E4F1D-520B-441C-B6E4-9249E49BD247}.Debug|Any CPU.ActiveCfg = Debug|Any CPU
		{980E4F1D-520B-441C-B6E4-9249E49BD247}.Debug|Any CPU.Build.0 = Debug|Any CPU
		{980E4F1D-520B-441C-B6E4-9249E49BD247}.Release|Any CPU.ActiveCfg = Release|Any CPU
		{980E4F1D-520B-441C-B6E4-9249E49BD247}.Release|Any CPU.Build.0 = Release|Any CPU
		{DC406D52-3A4B-4632-AD67-462875C067D3}.Debug|Any CPU.ActiveCfg = Debug|Any CPU
		{DC406D52-3A4B-4632-AD67-462875C067D3}.Debug|Any CPU.Build.0 = Debug|Any CPU
		{DC406D52-3A4B-4632-AD67-462875C067D3}.Release|Any CPU.ActiveCfg = Release|Any CPU
		{DC406D52-3A4B-4632-AD67-462875C067D3}.Release|Any CPU.Build.0 = Release|Any CPU
		{9DF737C9-6EE5-4255-85C9-65337350DFDD}.Debug|Any CPU.ActiveCfg = Debug|Any CPU
		{9DF737C9-6EE5-4255-85C9-65337350DFDD}.Debug|Any CPU.Build.0 = Debug|Any CPU
		{9DF737C9-6EE5-4255-85C9-65337350DFDD}.Release|Any CPU.ActiveCfg = Release|Any CPU
		{9DF737C9-6EE5-4255-85C9-65337350DFDD}.Release|Any CPU.Build.0 = Release|Any CPU
		{7D4F4EC0-C221-4BC9-8F8C-77BD4A3D39AA}.Debug|Any CPU.ActiveCfg = Debug|Any CPU
		{7D4F4EC0-C221-4BC9-8F8C-77BD4A3D39AA}.Debug|Any CPU.Build.0 = Debug|Any CPU
		{7D4F4EC0-C221-4BC9-8F8C-77BD4A3D39AA}.Release|Any CPU.ActiveCfg = Release|Any CPU
		{7D4F4EC0-C221-4BC9-8F8C-77BD4A3D39AA}.Release|Any CPU.Build.0 = Release|Any CPU
		{C1F8DBEE-EBA0-4C58-B7C1-F4BCC8E6674D}.Debug|Any CPU.ActiveCfg = Debug|Any CPU
		{C1F8DBEE-EBA0-4C58-B7C1-F4BCC8E6674D}.Debug|Any CPU.Build.0 = Debug|Any CPU
		{C1F8DBEE-EBA0-4C58-B7C1-F4BCC8E6674D}.Release|Any CPU.ActiveCfg = Release|Any CPU
		{C1F8DBEE-EBA0-4C58-B7C1-F4BCC8E6674D}.Release|Any CPU.Build.0 = Release|Any CPU
		{2B1441F1-4429-487C-9D0A-FC65B64BF43E}.Debug|Any CPU.ActiveCfg = Debug|Any CPU
		{2B1441F1-4429-487C-9D0A-FC65B64BF43E}.Debug|Any CPU.Build.0 = Debug|Any CPU
		{2B1441F1-4429-487C-9D0A-FC65B64BF43E}.Release|Any CPU.ActiveCfg = Release|Any CPU
		{2B1441F1-4429-487C-9D0A-FC65B64BF43E}.Release|Any CPU.Build.0 = Release|Any CPU
		{A7EC2050-FE5E-4BBD-AF5F-7F07D3688118}.Debug|Any CPU.ActiveCfg = Debug|Any CPU
		{A7EC2050-FE5E-4BBD-AF5F-7F07D3688118}.Debug|Any CPU.Build.0 = Debug|Any CPU
		{A7EC2050-FE5E-4BBD-AF5F-7F07D3688118}.Release|Any CPU.ActiveCfg = Release|Any CPU
		{A7EC2050-FE5E-4BBD-AF5F-7F07D3688118}.Release|Any CPU.Build.0 = Release|Any CPU
		{16FA9B36-CB2A-4B79-A3BE-937C94BF03F8}.Debug|Any CPU.ActiveCfg = Debug|Any CPU
		{16FA9B36-CB2A-4B79-A3BE-937C94BF03F8}.Debug|Any CPU.Build.0 = Debug|Any CPU
		{16FA9B36-CB2A-4B79-A3BE-937C94BF03F8}.Release|Any CPU.ActiveCfg = Release|Any CPU
		{16FA9B36-CB2A-4B79-A3BE-937C94BF03F8}.Release|Any CPU.Build.0 = Release|Any CPU
		{EA9A0385-249F-4141-AD03-D67649110A84}.Debug|Any CPU.ActiveCfg = Debug|Any CPU
		{EA9A0385-249F-4141-AD03-D67649110A84}.Debug|Any CPU.Build.0 = Debug|Any CPU
		{EA9A0385-249F-4141-AD03-D67649110A84}.Release|Any CPU.ActiveCfg = Release|Any CPU
		{EA9A0385-249F-4141-AD03-D67649110A84}.Release|Any CPU.Build.0 = Release|Any CPU
		{1B5BAB33-4256-400B-A4F8-F318418A3548}.Debug|Any CPU.ActiveCfg = Debug|Any CPU
		{1B5BAB33-4256-400B-A4F8-F318418A3548}.Debug|Any CPU.Build.0 = Debug|Any CPU
		{1B5BAB33-4256-400B-A4F8-F318418A3548}.Release|Any CPU.ActiveCfg = Release|Any CPU
		{1B5BAB33-4256-400B-A4F8-F318418A3548}.Release|Any CPU.Build.0 = Release|Any CPU
	EndGlobalSection
	GlobalSection(SolutionProperties) = preSolution
		HideSolutionNode = FALSE
	EndGlobalSection
	GlobalSection(NestedProjects) = preSolution
		{6A15D05D-A3F0-41C7-BCDC-A1A5390CD181} = {54B846BA-A27D-B76F-8730-402A5742FF43}
		{903D712A-27E0-4615-AB93-16083E5B3E3A} = {54B846BA-A27D-B76F-8730-402A5742FF43}
		{AD717205-C676-4DF9-8095-4583BA342515} = {54B846BA-A27D-B76F-8730-402A5742FF43}
		{707C273D-CCC9-4CF3-B234-F54B2AB3D178} = {54B846BA-A27D-B76F-8730-402A5742FF43}
		{980E4F1D-520B-441C-B6E4-9249E49BD247} = {54B846BA-A27D-B76F-8730-402A5742FF43}
		{DC406D52-3A4B-4632-AD67-462875C067D3} = {54B846BA-A27D-B76F-8730-402A5742FF43}
		{9DF737C9-6EE5-4255-85C9-65337350DFDD} = {54B846BA-A27D-B76F-8730-402A5742FF43}
		{7D4F4EC0-C221-4BC9-8F8C-77BD4A3D39AA} = {43BAF0A3-C050-BE83-B489-7FC6F9FDE235}
		{C1F8DBEE-EBA0-4C58-B7C1-F4BCC8E6674D} = {43BAF0A3-C050-BE83-B489-7FC6F9FDE235}
		{2B1441F1-4429-487C-9D0A-FC65B64BF43E} = {43BAF0A3-C050-BE83-B489-7FC6F9FDE235}
		{A7EC2050-FE5E-4BBD-AF5F-7F07D3688118} = {43BAF0A3-C050-BE83-B489-7FC6F9FDE235}
		{16FA9B36-CB2A-4B79-A3BE-937C94BF03F8} = {43BAF0A3-C050-BE83-B489-7FC6F9FDE235}
		{EA9A0385-249F-4141-AD03-D67649110A84} = {43BAF0A3-C050-BE83-B489-7FC6F9FDE235}
		{1B5BAB33-4256-400B-A4F8-F318418A3548} = {54B846BA-A27D-B76F-8730-402A5742FF43}
	EndGlobalSection
	GlobalSection(ExtensibilityGlobals) = postSolution
		SolutionGuid = {53128A75-E7B6-4B83-B079-A309FCC2AD9C}
	EndGlobalSection
EndGlobal
